
Microsoft Visual Studio Solution File, Format Version 12.00
# Visual Studio Version 16
VisualStudioVersion = 16.0.30611.23
MinimumVisualStudioVersion = 10.0.40219.1
Project("{FAE04EC0-301F-11D3-BF4B-00C04F79EFBC}") = "Var_Const_Chain_Step310", "Var_Const_Chain_Step310\Var_Const_Chain_Step310.csproj", "{E288762D-ED94-4508-9A73-DEA7609990E9}"
EndProject
Global
	GlobalSection(SolutionConfigurationPlatforms) = preSolution
		Debug|Any CPU = Debug|Any CPU
		Release|Any CPU = Release|Any CPU
	EndGlobalSection
	GlobalSection(ProjectConfigurationPlatforms) = postSolution
		{E288762D-ED94-4508-9A73-DEA7609990E9}.Debug|Any CPU.ActiveCfg = Debug|Any CPU
		{E288762D-ED94-4508-9A73-DEA7609990E9}.Debug|Any CPU.Build.0 = Debug|Any CPU
		{E288762D-ED94-4508-9A73-DEA7609990E9}.Release|Any CPU.ActiveCfg = Release|Any CPU
		{E288762D-ED94-4508-9A73-DEA7609990E9}.Release|Any CPU.Build.0 = Release|Any CPU
	EndGlobalSection
	GlobalSection(SolutionProperties) = preSolution
		HideSolutionNode = FALSE
	EndGlobalSection
	GlobalSection(ExtensibilityGlobals) = postSolution
		SolutionGuid = {AAD13C63-7219-4C50-A4D5-E5EC39C86A32}
	EndGlobalSection
EndGlobal
